{
  "originHash" : "cce133598e827e2143d53067156347301047f29027c89d2b91dafd2c43eaee1c",
  "pins" : [
    {
      "identity" : "id3tageditor",
      "kind" : "remoteSourceControl",
      "location" : "https://github.com/chicio/ID3TagEditor",
      "state" : {
        "revision" : "3ccc31eafae0ded1fea8c9acd5e7ef7dfdbf1e8e",
        "version" : "4.6.0"
      }
    },
    {
      "identity" : "xcglogger",
      "kind" : "remoteSourceControl",
      "location" : "https://github.com/DaveWoodCom/XCGLogger.git",
      "state" : {
        "revision" : "4def3c1c772ca90ad5e7bfc8ac437c3b0b4276cf",
        "version" : "7.1.5"
      }
    }
  ],
  "version" : 3
}
